<?xml version="1.0" encoding="utf-8"?>
<Project ToolsVersion="4.0" xmlns="http://schemas.microsoft.com/developer/msbuild/2003">
  <ItemGroup>
    <Filter Include="GameCore">
      <UniqueIdentifier>{619b90c9-030a-4c49-878b-ba61b8c61b91}</UniqueIdentifier>
    </Filter>
    <Filter Include="PreCompile">
      <UniqueIdentifier>{663d6888-49ae-4907-9949-d4e2d55c8542}</UniqueIdentifier>
    </Filter>
    <Filter Include="test">
      <UniqueIdentifier>{36df9139-52cc-4dbf-897f-b6f12284dcc9}</UniqueIdentifier>
    </Filter>
    <Filter Include="test\Level">
      <UniqueIdentifier>{1afdbd68-a55b-45d2-8bc4-0aa2c2267690}</UniqueIdentifier>
    </Filter>
    <Filter Include="test\Player">
      <UniqueIdentifier>{44f325d7-338a-402d-acf0-9808b03ec02b}</UniqueIdentifier>
    </Filter>
    <Filter Include="PlayStage">
      <UniqueIdentifier>{64bee418-037e-4aa3-a8e6-bc1fd0a720d6}</UniqueIdentifier>
    </Filter>
    <Filter Include="TitleStage">
      <UniqueIdentifier>{ae1559e4-c774-4d0c-8d24-20719249d681}</UniqueIdentifier>
    </Filter>
    <Filter Include="TitleStage\Actor">
      <UniqueIdentifier>{b9aac5aa-96ac-4647-ae6c-453eca266f59}</UniqueIdentifier>
    </Filter>
    <Filter Include="TitleStage\Level">
      <UniqueIdentifier>{916178a0-4afc-4096-8ecd-f26e90f32c55}</UniqueIdentifier>
    </Filter>
    <Filter Include="PlayStage\PlayActor">
      <UniqueIdentifier>{29f04d66-9a78-4151-ba52-3b7e61a4283b}</UniqueIdentifier>
    </Filter>
    <Filter Include="PlayStage\PlayActor\CupHead_Player">
      <UniqueIdentifier>{a6906e9e-017a-4d04-b6f9-c2051d719ccc}</UniqueIdentifier>
    </Filter>
    <Filter Include="PlayStage\Level">
      <UniqueIdentifier>{fa1171ba-b9da-4e44-8d11-e882229307b3}</UniqueIdentifier>
    </Filter>
    <Filter Include="WorldStage">
      <UniqueIdentifier>{e4799b0b-17d8-4f2e-ac04-18a6f116e3e5}</UniqueIdentifier>
    </Filter>
    <Filter Include="WorldStage\Actor">
      <UniqueIdentifier>{14d246f6-0082-445f-bea9-4d4f9e7f3859}</UniqueIdentifier>
    </Filter>
    <Filter Include="WorldStage\Level">
      <UniqueIdentifier>{787286b2-0c78-48f1-883a-659527dafd9f}</UniqueIdentifier>
    </Filter>
    <Filter Include="LoadingStage">
      <UniqueIdentifier>{69fa53df-47ee-4a8d-8a4c-9a0c0abc44cf}</UniqueIdentifier>
    </Filter>
    <Filter Include="LoadingStage\Level">
      <UniqueIdentifier>{166c84c4-2b85-4c72-a118-d75049b9a8ab}</UniqueIdentifier>
    </Filter>
  </ItemGroup>
  <ItemGroup>
    <ClCompile Include="Game_Core.cpp">
      <Filter>GameCore</Filter>
    </ClCompile>
    <ClCompile Include="PreCompile.cpp">
      <Filter>PreCompile</Filter>
    </ClCompile>
    <ClCompile Include="PlayGameMode.cpp">
      <Filter>test\Level</Filter>
    </ClCompile>
    <ClCompile Include="Player.cpp">
      <Filter>test\Player</Filter>
    </ClCompile>
    <ClCompile Include="Play_Cuphead.cpp">
      <Filter>PlayStage\PlayActor\CupHead_Player</Filter>
    </ClCompile>
    <ClCompile Include="TitleGameMode.cpp">
      <Filter>test\Level</Filter>
    </ClCompile>
    <ClCompile Include="TitleLogo.cpp">
      <Filter>test\Player</Filter>
    </ClCompile>
    <ClCompile Include="MainTitleActor.cpp">
      <Filter>TitleStage\Actor</Filter>
    </ClCompile>
    <ClCompile Include="MainTitleGameMode.cpp">
      <Filter>TitleStage\Level</Filter>
    </ClCompile>
    <ClCompile Include="WorldGameMode.cpp">
      <Filter>WorldStage\Level</Filter>
    </ClCompile>
    <ClCompile Include="LoadingGameMode.cpp">
      <Filter>LoadingStage\Level</Filter>
    </ClCompile>
  </ItemGroup>
  <ItemGroup>
    <ClInclude Include="Game_Core.h">
      <Filter>GameCore</Filter>
    </ClInclude>
    <ClInclude Include="PreCompile.h">
      <Filter>PreCompile</Filter>
    </ClInclude>
    <ClInclude Include="PlayGameMode.h">
      <Filter>test\Level</Filter>
    </ClInclude>
    <ClInclude Include="Player.h">
      <Filter>test\Player</Filter>
    </ClInclude>
    <ClInclude Include="ContentsENum.h" />
    <ClInclude Include="Play_Cuphead.h">
      <Filter>PlayStage\PlayActor\CupHead_Player</Filter>
    </ClInclude>
    <ClInclude Include="TitleGameMode.h">
      <Filter>test\Level</Filter>
    </ClInclude>
    <ClInclude Include="TitleLogo.h">
      <Filter>test\Player</Filter>
    </ClInclude>
    <ClInclude Include="MainTitleActor.h">
      <Filter>TitleStage\Actor</Filter>
    </ClInclude>
    <ClInclude Include="MainTitleGameMode.h">
      <Filter>TitleStage\Level</Filter>
    </ClInclude>
    <ClInclude Include="WorldGameMode.h">
      <Filter>WorldStage\Level</Filter>
    </ClInclude>
    <ClInclude Include="LoadingGameMode.h">
      <Filter>LoadingStage\Level</Filter>
    </ClInclude>
  </ItemGroup>
</Project>