<?xml version="1.0" encoding="utf-8"?>
<Project ToolsVersion="4.0" xmlns="http://schemas.microsoft.com/developer/msbuild/2003">
  <ItemGroup>
    <Filter Include="GameCore">
      <UniqueIdentifier>{619b90c9-030a-4c49-878b-ba61b8c61b91}</UniqueIdentifier>
    </Filter>
    <Filter Include="PreCompile">
      <UniqueIdentifier>{663d6888-49ae-4907-9949-d4e2d55c8542}</UniqueIdentifier>
    </Filter>
    <Filter Include="test">
      <UniqueIdentifier>{36df9139-52cc-4dbf-897f-b6f12284dcc9}</UniqueIdentifier>
    </Filter>
    <Filter Include="test\Level">
      <UniqueIdentifier>{1afdbd68-a55b-45d2-8bc4-0aa2c2267690}</UniqueIdentifier>
    </Filter>
    <Filter Include="test\Player">
      <UniqueIdentifier>{44f325d7-338a-402d-acf0-9808b03ec02b}</UniqueIdentifier>
    </Filter>
    <Filter Include="PlayStage">
      <UniqueIdentifier>{64bee418-037e-4aa3-a8e6-bc1fd0a720d6}</UniqueIdentifier>
    </Filter>
    <Filter Include="PlayStage\Actor">
      <UniqueIdentifier>{29f04d66-9a78-4151-ba52-3b7e61a4283b}</UniqueIdentifier>
    </Filter>
    <Filter Include="PlayStage\Actor\CupHead_Player">
      <UniqueIdentifier>{a6906e9e-017a-4d04-b6f9-c2051d719ccc}</UniqueIdentifier>
    </Filter>
    <Filter Include="TitleStage">
      <UniqueIdentifier>{ae1559e4-c774-4d0c-8d24-20719249d681}</UniqueIdentifier>
    </Filter>
    <Filter Include="TitleStage\Actor">
      <UniqueIdentifier>{b9aac5aa-96ac-4647-ae6c-453eca266f59}</UniqueIdentifier>
    </Filter>
  </ItemGroup>
  <ItemGroup>
    <ClCompile Include="Game_Core.cpp">
      <Filter>GameCore</Filter>
    </ClCompile>
    <ClCompile Include="PreCompile.cpp">
      <Filter>PreCompile</Filter>
    </ClCompile>
    <ClCompile Include="PlayGameMode.cpp">
      <Filter>test\Level</Filter>
    </ClCompile>
    <ClCompile Include="Player.cpp">
      <Filter>test\Player</Filter>
    </ClCompile>
    <ClCompile Include="Play_Cuphead.cpp">
      <Filter>PlayStage\Actor\CupHead_Player</Filter>
    </ClCompile>
    <ClCompile Include="TitleGameMode.cpp">
      <Filter>test\Level</Filter>
    </ClCompile>
    <ClCompile Include="TitleLogo.cpp">
      <Filter>test\Player</Filter>
    </ClCompile>
    <ClCompile Include="MainTitleGameMode.cpp">
      <Filter>TitleStage</Filter>
    </ClCompile>
    <ClCompile Include="MainTitleActor.cpp">
      <Filter>TitleStage\Actor</Filter>
    </ClCompile>
  </ItemGroup>
  <ItemGroup>
    <ClInclude Include="Game_Core.h">
      <Filter>GameCore</Filter>
    </ClInclude>
    <ClInclude Include="PreCompile.h">
      <Filter>PreCompile</Filter>
    </ClInclude>
    <ClInclude Include="PlayGameMode.h">
      <Filter>test\Level</Filter>
    </ClInclude>
    <ClInclude Include="Player.h">
      <Filter>test\Player</Filter>
    </ClInclude>
    <ClInclude Include="ContentsENum.h" />
    <ClInclude Include="Play_Cuphead.h">
      <Filter>PlayStage\Actor\CupHead_Player</Filter>
    </ClInclude>
    <ClInclude Include="TitleGameMode.h">
      <Filter>test\Level</Filter>
    </ClInclude>
    <ClInclude Include="TitleLogo.h">
      <Filter>test\Player</Filter>
    </ClInclude>
    <ClInclude Include="MainTitleGameMode.h">
      <Filter>TitleStage</Filter>
    </ClInclude>
    <ClInclude Include="MainTitleActor.h">
      <Filter>TitleStage\Actor</Filter>
    </ClInclude>
  </ItemGroup>
</Project>